// !$*UTF8*$!
{
	archiveVersion = 1;
	classes = {
	};
	objectVersion = 46;
	objects = {

/* Begin PBXBuildFile section */
		160B75F0E8EF0434F7F7F577 /* libPods-ObjecPushApp_iOS10.a in Frameworks */ = {isa = PBXBuildFile; fileRef = F9EBC4EDE84F817BFAB5ADC2 /* libPods-ObjecPushApp_iOS10.a */; };
		BD02C8651D9B526C005B5988 /* main.m in Sources */ = {isa = PBXBuildFile; fileRef = BD02C8641D9B526C005B5988 /* main.m */; };
		BD02C8681D9B526C005B5988 /* AppDelegate.m in Sources */ = {isa = PBXBuildFile; fileRef = BD02C8671D9B526C005B5988 /* AppDelegate.m */; };
		BD02C86B1D9B526C005B5988 /* ViewController.m in Sources */ = {isa = PBXBuildFile; fileRef = BD02C86A1D9B526C005B5988 /* ViewController.m */; };
		BD02C86E1D9B526C005B5988 /* Main.storyboard in Resources */ = {isa = PBXBuildFile; fileRef = BD02C86C1D9B526C005B5988 /* Main.storyboard */; };
		BD02C8701D9B526C005B5988 /* Assets.xcassets in Resources */ = {isa = PBXBuildFile; fileRef = BD02C86F1D9B526C005B5988 /* Assets.xcassets */; };
		BD02C8731D9B526C005B5988 /* LaunchScreen.storyboard in Resources */ = {isa = PBXBuildFile; fileRef = BD02C8711D9B526C005B5988 /* LaunchScreen.storyboard */; };
/* End PBXBuildFile section */

/* Begin PBXFileReference section */
		BD02C8601D9B526C005B5988 /* ObjecPushApp_iOS10.app */ = {isa = PBXFileReference; explicitFileType = wrapper.application; includeInIndex = 0; path = ObjecPushApp_iOS10.app; sourceTree = BUILT_PRODUCTS_DIR; };
		BD02C8641D9B526C005B5988 /* main.m */ = {isa = PBXFileReference; lastKnownFileType = sourcecode.c.objc; path = main.m; sourceTree = "<group>"; };
		BD02C8661D9B526C005B5988 /* AppDelegate.h */ = {isa = PBXFileReference; lastKnownFileType = sourcecode.c.h; path = AppDelegate.h; sourceTree = "<group>"; };
		BD02C8671D9B526C005B5988 /* AppDelegate.m */ = {isa = PBXFileReference; lastKnownFileType = sourcecode.c.objc; path = AppDelegate.m; sourceTree = "<group>"; };
		BD02C8691D9B526C005B5988 /* ViewController.h */ = {isa = PBXFileReference; lastKnownFileType = sourcecode.c.h; path = ViewController.h; sourceTree = "<group>"; };
		BD02C86A1D9B526C005B5988 /* ViewController.m */ = {isa = PBXFileReference; lastKnownFileType = sourcecode.c.objc; path = ViewController.m; sourceTree = "<group>"; };
		BD02C86D1D9B526C005B5988 /* Base */ = {isa = PBXFileReference; lastKnownFileType = file.storyboard; name = Base; path = Base.lproj/Main.storyboard; sourceTree = "<group>"; };
		BD02C86F1D9B526C005B5988 /* Assets.xcassets */ = {isa = PBXFileReference; lastKnownFileType = folder.assetcatalog; path = Assets.xcassets; sourceTree = "<group>"; };
		BD02C8721D9B526C005B5988 /* Base */ = {isa = PBXFileReference; lastKnownFileType = file.storyboard; name = Base; path = Base.lproj/LaunchScreen.storyboard; sourceTree = "<group>"; };
		BD02C8741D9B526C005B5988 /* Info.plist */ = {isa = PBXFileReference; lastKnownFileType = text.plist.xml; path = Info.plist; sourceTree = "<group>"; };
		E073BAF237B09DCECC1D2196 /* Pods-ObjecPushApp_iOS10.release.xcconfig */ = {isa = PBXFileReference; includeInIndex = 1; lastKnownFileType = text.xcconfig; name = "Pods-ObjecPushApp_iOS10.release.xcconfig"; path = "Pods/Target Support Files/Pods-ObjecPushApp_iOS10/Pods-ObjecPushApp_iOS10.release.xcconfig"; sourceTree = "<group>"; };
		F9EBC4EDE84F817BFAB5ADC2 /* libPods-ObjecPushApp_iOS10.a */ = {isa = PBXFileReference; explicitFileType = archive.ar; includeInIndex = 0; path = "libPods-ObjecPushApp_iOS10.a"; sourceTree = BUILT_PRODUCTS_DIR; };
		FE193D13DF871E8F36E5CC3F /* Pods-ObjecPushApp_iOS10.debug.xcconfig */ = {isa = PBXFileReference; includeInIndex = 1; lastKnownFileType = text.xcconfig; name = "Pods-ObjecPushApp_iOS10.debug.xcconfig"; path = "Pods/Target Support Files/Pods-ObjecPushApp_iOS10/Pods-ObjecPushApp_iOS10.debug.xcconfig"; sourceTree = "<group>"; };
/* End PBXFileReference section */

/* Begin PBXFrameworksBuildPhase section */
		BD02C85D1D9B526C005B5988 /* Frameworks */ = {
			isa = PBXFrameworksBuildPhase;
			buildActionMask = 2147483647;
			files = (
				160B75F0E8EF0434F7F7F577 /* libPods-ObjecPushApp_iOS10.a in Frameworks */,
			);
			runOnlyForDeploymentPostprocessing = 0;
		};
/* End PBXFrameworksBuildPhase section */

/* Begin PBXGroup section */
		2112C59F80FA290C0508A800 /* Pods */ = {
			isa = PBXGroup;
			children = (
				FE193D13DF871E8F36E5CC3F /* Pods-ObjecPushApp_iOS10.debug.xcconfig */,
				E073BAF237B09DCECC1D2196 /* Pods-ObjecPushApp_iOS10.release.xcconfig */,
			);
			name = Pods;
			sourceTree = "<group>";
		};
		71501C3A66A7A77046BEE112 /* Frameworks */ = {
			isa = PBXGroup;
			children = (
				F9EBC4EDE84F817BFAB5ADC2 /* libPods-ObjecPushApp_iOS10.a */,
			);
			name = Frameworks;
			sourceTree = "<group>";
		};
		BD02C8571D9B526C005B5988 = {
			isa = PBXGroup;
			children = (
				BD02C8621D9B526C005B5988 /* ObjecPushApp_iOS10 */,
				BD02C8611D9B526C005B5988 /* Products */,
				2112C59F80FA290C0508A800 /* Pods */,
				71501C3A66A7A77046BEE112 /* Frameworks */,
			);
			sourceTree = "<group>";
		};
		BD02C8611D9B526C005B5988 /* Products */ = {
			isa = PBXGroup;
			children = (
				BD02C8601D9B526C005B5988 /* ObjecPushApp_iOS10.app */,
			);
			name = Products;
			sourceTree = "<group>";
		};
		BD02C8621D9B526C005B5988 /* ObjecPushApp_iOS10 */ = {
			isa = PBXGroup;
			children = (
				BD02C8661D9B526C005B5988 /* AppDelegate.h */,
				BD02C8671D9B526C005B5988 /* AppDelegate.m */,
				BD02C8691D9B526C005B5988 /* ViewController.h */,
				BD02C86A1D9B526C005B5988 /* ViewController.m */,
				BD02C86C1D9B526C005B5988 /* Main.storyboard */,
				BD02C86F1D9B526C005B5988 /* Assets.xcassets */,
				BD02C8711D9B526C005B5988 /* LaunchScreen.storyboard */,
				BD02C8741D9B526C005B5988 /* Info.plist */,
				BD02C8631D9B526C005B5988 /* Supporting Files */,
			);
			path = ObjecPushApp_iOS10;
			sourceTree = "<group>";
		};
		BD02C8631D9B526C005B5988 /* Supporting Files */ = {
			isa = PBXGroup;
			children = (
				BD02C8641D9B526C005B5988 /* main.m */,
			);
			name = "Supporting Files";
			sourceTree = "<group>";
		};
/* End PBXGroup section */

/* Begin PBXNativeTarget section */
		BD02C85F1D9B526C005B5988 /* ObjecPushApp_iOS10 */ = {
			isa = PBXNativeTarget;
			buildConfigurationList = BD02C8771D9B526C005B5988 /* Build configuration list for PBXNativeTarget "ObjecPushApp_iOS10" */;
			buildPhases = (
				77C4F0DBCBC8938FCF07293B /* [CP] Check Pods Manifest.lock */,
				BD02C85C1D9B526C005B5988 /* Sources */,
				BD02C85D1D9B526C005B5988 /* Frameworks */,
				BD02C85E1D9B526C005B5988 /* Resources */,
				E2F9913170D40DF0882BF852 /* [CP] Embed Pods Frameworks */,
				3F30C414998DAC8AC9934A4E /* [CP] Copy Pods Resources */,
			);
			buildRules = (
			);
			dependencies = (
			);
			name = ObjecPushApp_iOS10;
			productName = ObjecPushApp_iOS10;
			productReference = BD02C8601D9B526C005B5988 /* ObjecPushApp_iOS10.app */;
			productType = "com.apple.product-type.application";
		};
/* End PBXNativeTarget section */

/* Begin PBXProject section */
		BD02C8581D9B526C005B5988 /* Project object */ = {
			isa = PBXProject;
			attributes = {
				LastUpgradeCheck = 0800;
				ORGANIZATIONNAME = "NIFCLOUD Corporation";
				TargetAttributes = {
					BD02C85F1D9B526C005B5988 = {
						CreatedOnToolsVersion = 8.0;
						ProvisioningStyle = Manual;
					};
				};
			};
			buildConfigurationList = BD02C85B1D9B526C005B5988 /* Build configuration list for PBXProject "ObjecPushApp_iOS10" */;
			compatibilityVersion = "Xcode 3.2";
			developmentRegion = English;
			hasScannedForEncodings = 0;
			knownRegions = (
				en,
				Base,
			);
			mainGroup = BD02C8571D9B526C005B5988;
			productRefGroup = BD02C8611D9B526C005B5988 /* Products */;
			projectDirPath = "";
			projectRoot = "";
			targets = (
				BD02C85F1D9B526C005B5988 /* ObjecPushApp_iOS10 */,
			);
		};
/* End PBXProject section */

/* Begin PBXResourcesBuildPhase section */
		BD02C85E1D9B526C005B5988 /* Resources */ = {
			isa = PBXResourcesBuildPhase;
			buildActionMask = 2147483647;
			files = (
				BD02C8731D9B526C005B5988 /* LaunchScreen.storyboard in Resources */,
				BD02C8701D9B526C005B5988 /* Assets.xcassets in Resources */,
				BD02C86E1D9B526C005B5988 /* Main.storyboard in Resources */,
			);
			runOnlyForDeploymentPostprocessing = 0;
		};
/* End PBXResourcesBuildPhase section */

/* Begin PBXShellScriptBuildPhase section */
		3F30C414998DAC8AC9934A4E /* [CP] Copy Pods Resources */ = {
			isa = PBXShellScriptBuildPhase;
			buildActionMask = 2147483647;
			files = (
			);
			inputPaths = (
			);
			name = "[CP] Copy Pods Resources";
			outputPaths = (
			);
			runOnlyForDeploymentPostprocessing = 0;
			shellPath = /bin/sh;
			shellScript = "\"${SRCROOT}/Pods/Target Support Files/Pods-ObjecPushApp_iOS10/Pods-ObjecPushApp_iOS10-resources.sh\"\n";
			showEnvVarsInLog = 0;
		};
		77C4F0DBCBC8938FCF07293B /* [CP] Check Pods Manifest.lock */ = {
			isa = PBXShellScriptBuildPhase;
			buildActionMask = 2147483647;
			files = (
			);
			inputPaths = (
			);
			name = "[CP] Check Pods Manifest.lock";
			outputPaths = (
			);
			runOnlyForDeploymentPostprocessing = 0;
			shellPath = /bin/sh;
			shellScript = "diff \"${PODS_ROOT}/../Podfile.lock\" \"${PODS_ROOT}/Manifest.lock\" > /dev/null\nif [ $? != 0 ] ; then\n    # print error to STDERR\n    echo \"error: The sandbox is not in sync with the Podfile.lock. Run 'pod install' or update your CocoaPods installation.\" >&2\n    exit 1\nfi\n";
			showEnvVarsInLog = 0;
		};
		E2F9913170D40DF0882BF852 /* [CP] Embed Pods Frameworks */ = {
			isa = PBXShellScriptBuildPhase;
			buildActionMask = 2147483647;
			files = (
			);
			inputPaths = (
			);
			name = "[CP] Embed Pods Frameworks";
			outputPaths = (
			);
			runOnlyForDeploymentPostprocessing = 0;
			shellPath = /bin/sh;
			shellScript = "\"${SRCROOT}/Pods/Target Support Files/Pods-ObjecPushApp_iOS10/Pods-ObjecPushApp_iOS10-frameworks.sh\"\n";
			showEnvVarsInLog = 0;
		};
/* End PBXShellScriptBuildPhase section */

/* Begin PBXSourcesBuildPhase section */
		BD02C85C1D9B526C005B5988 /* Sources */ = {
			isa = PBXSourcesBuildPhase;
			buildActionMask = 2147483647;
			files = (
				BD02C86B1D9B526C005B5988 /* ViewController.m in Sources */,
				BD02C8681D9B526C005B5988 /* AppDelegate.m in Sources */,
				BD02C8651D9B526C005B5988 /* main.m in Sources */,
			);
			runOnlyForDeploymentPostprocessing = 0;
		};
/* End PBXSourcesBuildPhase section */

/* Begin PBXVariantGroup section */
		BD02C86C1D9B526C005B5988 /* Main.storyboard */ = {
			isa = PBXVariantGroup;
			children = (
				BD02C86D1D9B526C005B5988 /* Base */,
			);
			name = Main.storyboard;
			sourceTree = "<group>";
		};
		BD02C8711D9B526C005B5988 /* LaunchScreen.storyboard */ = {
			isa = PBXVariantGroup;
			children = (
				BD02C8721D9B526C005B5988 /* Base */,
			);
			name = LaunchScreen.storyboard;
			sourceTree = "<group>";
		};
/* End PBXVariantGroup section */

/* Begin XCBuildConfiguration section */
		BD02C8751D9B526C005B5988 /* Debug */ = {
			isa = XCBuildConfiguration;
			buildSettings = {
				ALWAYS_SEARCH_USER_PATHS = NO;
				CLANG_ANALYZER_NONNULL = YES;
				CLANG_CXX_LANGUAGE_STANDARD = "gnu++0x";
				CLANG_CXX_LIBRARY = "libc++";
				CLANG_ENABLE_MODULES = YES;
				CLANG_ENABLE_OBJC_ARC = YES;
				CLANG_WARN_BOOL_CONVERSION = YES;
				CLANG_WARN_CONSTANT_CONVERSION = YES;
				CLANG_WARN_DIRECT_OBJC_ISA_USAGE = YES_ERROR;
				CLANG_WARN_DOCUMENTATION_COMMENTS = YES;
				CLANG_WARN_EMPTY_BODY = YES;
				CLANG_WARN_ENUM_CONVERSION = YES;
				CLANG_WARN_INFINITE_RECURSION = YES;
				CLANG_WARN_INT_CONVERSION = YES;
				CLANG_WARN_OBJC_ROOT_CLASS = YES_ERROR;
				CLANG_WARN_SUSPICIOUS_MOVES = YES;
				CLANG_WARN_UNREACHABLE_CODE = YES;
				CLANG_WARN__DUPLICATE_METHOD_MATCH = YES;
				"CODE_SIGN_IDENTITY[sdk=iphoneos*]" = "iPhone Developer";
				COPY_PHASE_STRIP = NO;
				DEBUG_INFORMATION_FORMAT = dwarf;
				ENABLE_STRICT_OBJC_MSGSEND = YES;
				ENABLE_TESTABILITY = YES;
				GCC_C_LANGUAGE_STANDARD = gnu99;
				GCC_DYNAMIC_NO_PIC = NO;
				GCC_NO_COMMON_BLOCKS = YES;
				GCC_OPTIMIZATION_LEVEL = 0;
				GCC_PREPROCESSOR_DEFINITIONS = (
					"DEBUG=1",
					"$(inherited)",
				);
				GCC_WARN_64_TO_32_BIT_CONVERSION = YES;
				GCC_WARN_ABOUT_RETURN_TYPE = YES_ERROR;
				GCC_WARN_UNDECLARED_SELECTOR = YES;
				GCC_WARN_UNINITIALIZED_AUTOS = YES_AGGRESSIVE;
				GCC_WARN_UNUSED_FUNCTION = YES;
				GCC_WARN_UNUSED_VARIABLE = YES;
				IPHONEOS_DEPLOYMENT_TARGET = 10.0;
				MTL_ENABLE_DEBUG_INFO = YES;
				ONLY_ACTIVE_ARCH = YES;
				SDKROOT = iphoneos;
				TARGETED_DEVICE_FAMILY = "1,2";
			};
			name = Debug;
		};
		BD02C8761D9B526C005B5988 /* Release */ = {
			isa = XCBuildConfiguration;
			buildSettings = {
				ALWAYS_SEARCH_USER_PATHS = NO;
				CLANG_ANALYZER_NONNULL = YES;
				CLANG_CXX_LANGUAGE_STANDARD = "gnu++0x";
				CLANG_CXX_LIBRARY = "libc++";
				CLANG_ENABLE_MODULES = YES;
				CLANG_ENABLE_OBJC_ARC = YES;
				CLANG_WARN_BOOL_CONVERSION = YES;
				CLANG_WARN_CONSTANT_CONVERSION = YES;
				CLANG_WARN_DIRECT_OBJC_ISA_USAGE = YES_ERROR;
				CLANG_WARN_DOCUMENTATION_COMMENTS = YES;
				CLANG_WARN_EMPTY_BODY = YES;
				CLANG_WARN_ENUM_CONVERSION = YES;
				CLANG_WARN_INFINITE_RECURSION = YES;
				CLANG_WARN_INT_CONVERSION = YES;
				CLANG_WARN_OBJC_ROOT_CLASS = YES_ERROR;
				CLANG_WARN_SUSPICIOUS_MOVES = YES;
				CLANG_WARN_UNREACHABLE_CODE = YES;
				CLANG_WARN__DUPLICATE_METHOD_MATCH = YES;
				"CODE_SIGN_IDENTITY[sdk=iphoneos*]" = "iPhone Developer";
				COPY_PHASE_STRIP = NO;
				DEBUG_INFORMATION_FORMAT = "dwarf-with-dsym";
				ENABLE_NS_ASSERTIONS = NO;
				ENABLE_STRICT_OBJC_MSGSEND = YES;
				GCC_C_LANGUAGE_STANDARD = gnu99;
				GCC_NO_COMMON_BLOCKS = YES;
				GCC_WARN_64_TO_32_BIT_CONVERSION = YES;
				GCC_WARN_ABOUT_RETURN_TYPE = YES_ERROR;
				GCC_WARN_UNDECLARED_SELECTOR = YES;
				GCC_WARN_UNINITIALIZED_AUTOS = YES_AGGRESSIVE;
				GCC_WARN_UNUSED_FUNCTION = YES;
				GCC_WARN_UNUSED_VARIABLE = YES;
				IPHONEOS_DEPLOYMENT_TARGET = 10.0;
				MTL_ENABLE_DEBUG_INFO = NO;
				SDKROOT = iphoneos;
				TARGETED_DEVICE_FAMILY = "1,2";
				VALIDATE_PRODUCT = YES;
			};
			name = Release;
		};
		BD02C8781D9B526C005B5988 /* Debug */ = {
			isa = XCBuildConfiguration;
			baseConfigurationReference = FE193D13DF871E8F36E5CC3F /* Pods-ObjecPushApp_iOS10.debug.xcconfig */;
			buildSettings = {
				ASSETCATALOG_COMPILER_APPICON_NAME = AppIcon;
				DEVELOPMENT_TEAM = "";
				INFOPLIST_FILE = ObjecPushApp_iOS10/Info.plist;
				IPHONEOS_DEPLOYMENT_TARGET = 9.0;
				LD_RUNPATH_SEARCH_PATHS = "$(inherited) @executable_path/Frameworks";
				PRODUCT_BUNDLE_IDENTIFIER = "com.mobilebackend.nifcloud.ObjecPushApp-iOS10";
				PRODUCT_NAME = "$(TARGET_NAME)";
			};
			name = Debug;
		};
		BD02C8791D9B526C005B5988 /* Release */ = {
			isa = XCBuildConfiguration;
			baseConfigurationReference = E073BAF237B09DCECC1D2196 /* Pods-ObjecPushApp_iOS10.release.xcconfig */;
			buildSettings = {
				ASSETCATALOG_COMPILER_APPICON_NAME = AppIcon;
				DEVELOPMENT_TEAM = "";
				INFOPLIST_FILE = ObjecPushApp_iOS10/Info.plist;
				IPHONEOS_DEPLOYMENT_TARGET = 9.0;
				LD_RUNPATH_SEARCH_PATHS = "$(inherited) @executable_path/Frameworks";
				PRODUCT_BUNDLE_IDENTIFIER = "com.mobilebackend.nifcloud.ObjecPushApp-iOS10";
				PRODUCT_NAME = "$(TARGET_NAME)";
			};
			name = Release;
		};
/* End XCBuildConfiguration section */

/* Begin XCConfigurationList section */
		BD02C85B1D9B526C005B5988 /* Build configuration list for PBXProject "ObjecPushApp_iOS10" */ = {
			isa = XCConfigurationList;
			buildConfigurations = (
				BD02C8751D9B526C005B5988 /* Debug */,
				BD02C8761D9B526C005B5988 /* Release */,
			);
			defaultConfigurationIsVisible = 0;
			defaultConfigurationName = Release;
		};
		BD02C8771D9B526C005B5988 /* Build configuration list for PBXNativeTarget "ObjecPushApp_iOS10" */ = {
			isa = XCConfigurationList;
			buildConfigurations = (
				BD02C8781D9B526C005B5988 /* Debug */,
				BD02C8791D9B526C005B5988 /* Release */,
			);
			defaultConfigurationIsVisible = 0;
			defaultConfigurationName = Release;
		};
/* End XCConfigurationList section */
	};
	rootObject = BD02C8581D9B526C005B5988 /* Project object */;
}
